
Microsoft Visual Studio Solution File, Format Version 12.00
# Visual Studio Version 17
VisualStudioVersion = 17.4.33213.308
MinimumVisualStudioVersion = 10.0.40219.1
Project("{FAE04EC0-301F-11D3-BF4B-00C04F79EFBC}") = "Week14OOP", "Week14OOP\Week14OOP.csproj", "{C750E479-8132-4525-87FF-92E7526E27C4}"
EndProject
Global
	GlobalSection(SolutionConfigurationPlatforms) = preSolution
		Debug|Any CPU = Debug|Any CPU
		Release|Any CPU = Release|Any CPU
	EndGlobalSection
	GlobalSection(ProjectConfigurationPlatforms) = postSolution
		{C750E479-8132-4525-87FF-92E7526E27C4}.Debug|Any CPU.ActiveCfg = Debug|Any CPU
		{C750E479-8132-4525-87FF-92E7526E27C4}.Debug|Any CPU.Build.0 = Debug|Any CPU
		{C750E479-8132-4525-87FF-92E7526E27C4}.Release|Any CPU.ActiveCfg = Release|Any CPU
		{C750E479-8132-4525-87FF-92E7526E27C4}.Release|Any CPU.Build.0 = Release|Any CPU
	EndGlobalSection
	GlobalSection(SolutionProperties) = preSolution
		HideSolutionNode = FALSE
	EndGlobalSection
	GlobalSection(ExtensibilityGlobals) = postSolution
		SolutionGuid = {06309231-C540-458B-8A8F-A7CB76F70A22}
	EndGlobalSection
EndGlobal
